// !$*UTF8*$!
{
	archiveVersion = 1;
	classes = {
	};
	objectVersion = 56;
	objects = {

/* Begin PBXBuildFile section */
		663D05E32BE7E61500B33719 /* AppView.swift in Sources */ = {isa = PBXBuildFile; fileRef = 663D05E22BE7E61500B33719 /* AppView.swift */; };
		663D05E52BE7E61500B33719 /* MainView.swift in Sources */ = {isa = PBXBuildFile; fileRef = 663D05E42BE7E61500B33719 /* MainView.swift */; };
		663D05E72BE7E62100B33719 /* Assets.xcassets in Resources */ = {isa = PBXBuildFile; fileRef = 663D05E62BE7E62100B33719 /* Assets.xcassets */; };
		663D05EA2BE7E62100B33719 /* Preview Assets.xcassets in Resources */ = {isa = PBXBuildFile; fileRef = 663D05E92BE7E62100B33719 /* Preview Assets.xcassets */; };
		663D05F42BE7E62100B33719 /* nbp_average_rateTests.swift in Sources */ = {isa = PBXBuildFile; fileRef = 663D05F32BE7E62100B33719 /* nbp_average_rateTests.swift */; };
		663D06102BE7E6FF00B33719 /* CurrentRateView.swift in Sources */ = {isa = PBXBuildFile; fileRef = 663D060F2BE7E6FF00B33719 /* CurrentRateView.swift */; };
		663D06132BE7E8A200B33719 /* ArchiveRateView.swift in Sources */ = {isa = PBXBuildFile; fileRef = 663D06122BE7E8A200B33719 /* ArchiveRateView.swift */; };
		663D06152BE7FAFB00B33719 /* Rate.swift in Sources */ = {isa = PBXBuildFile; fileRef = 663D06142BE7FAFB00B33719 /* Rate.swift */; };
		663D06172BE7FCED00B33719 /* CurrentRateViewModel.swift in Sources */ = {isa = PBXBuildFile; fileRef = 663D06162BE7FCEC00B33719 /* CurrentRateViewModel.swift */; };
		663D06192BE7FD9D00B33719 /* AverageRateDataService.swift in Sources */ = {isa = PBXBuildFile; fileRef = 663D06182BE7FD9D00B33719 /* AverageRateDataService.swift */; };
		663D061B2BE7FEEF00B33719 /* Constants.swift in Sources */ = {isa = PBXBuildFile; fileRef = 663D061A2BE7FEEF00B33719 /* Constants.swift */; };
		663D061E2BE90E0800B33719 /* ArchiveRateViewModel.swift in Sources */ = {isa = PBXBuildFile; fileRef = 663D061D2BE90E0800B33719 /* ArchiveRateViewModel.swift */; };
		663D06202BE93AE500B33719 /* CalendarManager.swift in Sources */ = {isa = PBXBuildFile; fileRef = 663D061F2BE93AE500B33719 /* CalendarManager.swift */; };
		663D06222BE93F3400B33719 /* ArchiveRateYearDetailView.swift in Sources */ = {isa = PBXBuildFile; fileRef = 663D06212BE93F3400B33719 /* ArchiveRateYearDetailView.swift */; };
		663D06242BE93FA600B33719 /* ArchiveRateYearDetailViewModel.swift in Sources */ = {isa = PBXBuildFile; fileRef = 663D06232BE93FA600B33719 /* ArchiveRateYearDetailViewModel.swift */; };
		663D06272BE9419800B33719 /* Coordinator.swift in Sources */ = {isa = PBXBuildFile; fileRef = 663D06262BE9419800B33719 /* Coordinator.swift */; };
		663D06292BE9433C00B33719 /* NavigationRoot.swift in Sources */ = {isa = PBXBuildFile; fileRef = 663D06282BE9433C00B33719 /* NavigationRoot.swift */; };
		663D062B2BE971C700B33719 /* DetailListView.swift in Sources */ = {isa = PBXBuildFile; fileRef = 663D062A2BE971C700B33719 /* DetailListView.swift */; };
		663D062F2BE9749600B33719 /* FlagsKit in Frameworks */ = {isa = PBXBuildFile; productRef = 663D062E2BE9749600B33719 /* FlagsKit */; };
		663D06342BEA806A00B33719 /* ArchiveRateMonthDetailView.swift in Sources */ = {isa = PBXBuildFile; fileRef = 663D06332BEA806A00B33719 /* ArchiveRateMonthDetailView.swift */; };
		663D06362BEA80C900B33719 /* ArchiveRateMonthDetailViewModel.swift in Sources */ = {isa = PBXBuildFile; fileRef = 663D06352BEA80C900B33719 /* ArchiveRateMonthDetailViewModel.swift */; };
		663D06392BEABF7C00B33719 /* ArchiveRateDayDetailView.swift in Sources */ = {isa = PBXBuildFile; fileRef = 663D06382BEABF7C00B33719 /* ArchiveRateDayDetailView.swift */; };
		663D063B2BEAC31000B33719 /* ArchiveRateDayDetailViewModel.swift in Sources */ = {isa = PBXBuildFile; fileRef = 663D063A2BEAC31000B33719 /* ArchiveRateDayDetailViewModel.swift */; };
/* End PBXBuildFile section */

/* Begin PBXContainerItemProxy section */
		663D05F02BE7E62100B33719 /* PBXContainerItemProxy */ = {
			isa = PBXContainerItemProxy;
			containerPortal = 663D05D72BE7E61500B33719 /* Project object */;
			proxyType = 1;
			remoteGlobalIDString = 663D05DE2BE7E61500B33719;
			remoteInfo = "nbp-average-rate";
		};
/* End PBXContainerItemProxy section */

/* Begin PBXFileReference section */
		663D05DF2BE7E61500B33719 /* nbp-average-rate.app */ = {isa = PBXFileReference; explicitFileType = wrapper.application; includeInIndex = 0; path = "nbp-average-rate.app"; sourceTree = BUILT_PRODUCTS_DIR; };
		663D05E22BE7E61500B33719 /* AppView.swift */ = {isa = PBXFileReference; lastKnownFileType = sourcecode.swift; path = AppView.swift; sourceTree = "<group>"; };
		663D05E42BE7E61500B33719 /* MainView.swift */ = {isa = PBXFileReference; lastKnownFileType = sourcecode.swift; path = MainView.swift; sourceTree = "<group>"; };
		663D05E62BE7E62100B33719 /* Assets.xcassets */ = {isa = PBXFileReference; lastKnownFileType = folder.assetcatalog; path = Assets.xcassets; sourceTree = "<group>"; };
		663D05E92BE7E62100B33719 /* Preview Assets.xcassets */ = {isa = PBXFileReference; lastKnownFileType = folder.assetcatalog; path = "Preview Assets.xcassets"; sourceTree = "<group>"; };
		663D05EF2BE7E62100B33719 /* nbp-average-rateTests.xctest */ = {isa = PBXFileReference; explicitFileType = wrapper.cfbundle; includeInIndex = 0; path = "nbp-average-rateTests.xctest"; sourceTree = BUILT_PRODUCTS_DIR; };
		663D05F32BE7E62100B33719 /* nbp_average_rateTests.swift */ = {isa = PBXFileReference; lastKnownFileType = sourcecode.swift; path = nbp_average_rateTests.swift; sourceTree = "<group>"; };
		663D060F2BE7E6FF00B33719 /* CurrentRateView.swift */ = {isa = PBXFileReference; lastKnownFileType = sourcecode.swift; path = CurrentRateView.swift; sourceTree = "<group>"; };
		663D06122BE7E8A200B33719 /* ArchiveRateView.swift */ = {isa = PBXFileReference; lastKnownFileType = sourcecode.swift; path = ArchiveRateView.swift; sourceTree = "<group>"; };
		663D06142BE7FAFB00B33719 /* Rate.swift */ = {isa = PBXFileReference; lastKnownFileType = sourcecode.swift; path = Rate.swift; sourceTree = "<group>"; };
		663D06162BE7FCEC00B33719 /* CurrentRateViewModel.swift */ = {isa = PBXFileReference; lastKnownFileType = sourcecode.swift; path = CurrentRateViewModel.swift; sourceTree = "<group>"; };
		663D06182BE7FD9D00B33719 /* AverageRateDataService.swift */ = {isa = PBXFileReference; lastKnownFileType = sourcecode.swift; path = AverageRateDataService.swift; sourceTree = "<group>"; };
		663D061A2BE7FEEF00B33719 /* Constants.swift */ = {isa = PBXFileReference; lastKnownFileType = sourcecode.swift; path = Constants.swift; sourceTree = "<group>"; };
		663D061D2BE90E0800B33719 /* ArchiveRateViewModel.swift */ = {isa = PBXFileReference; lastKnownFileType = sourcecode.swift; path = ArchiveRateViewModel.swift; sourceTree = "<group>"; };
		663D061F2BE93AE500B33719 /* CalendarManager.swift */ = {isa = PBXFileReference; lastKnownFileType = sourcecode.swift; path = CalendarManager.swift; sourceTree = "<group>"; };
		663D06212BE93F3400B33719 /* ArchiveRateYearDetailView.swift */ = {isa = PBXFileReference; lastKnownFileType = sourcecode.swift; path = ArchiveRateYearDetailView.swift; sourceTree = "<group>"; };
		663D06232BE93FA600B33719 /* ArchiveRateYearDetailViewModel.swift */ = {isa = PBXFileReference; lastKnownFileType = sourcecode.swift; path = ArchiveRateYearDetailViewModel.swift; sourceTree = "<group>"; };
		663D06262BE9419800B33719 /* Coordinator.swift */ = {isa = PBXFileReference; lastKnownFileType = sourcecode.swift; path = Coordinator.swift; sourceTree = "<group>"; };
		663D06282BE9433C00B33719 /* NavigationRoot.swift */ = {isa = PBXFileReference; lastKnownFileType = sourcecode.swift; path = NavigationRoot.swift; sourceTree = "<group>"; };
		663D062A2BE971C700B33719 /* DetailListView.swift */ = {isa = PBXFileReference; lastKnownFileType = sourcecode.swift; path = DetailListView.swift; sourceTree = "<group>"; };
		663D06332BEA806A00B33719 /* ArchiveRateMonthDetailView.swift */ = {isa = PBXFileReference; lastKnownFileType = sourcecode.swift; path = ArchiveRateMonthDetailView.swift; sourceTree = "<group>"; };
		663D06352BEA80C900B33719 /* ArchiveRateMonthDetailViewModel.swift */ = {isa = PBXFileReference; lastKnownFileType = sourcecode.swift; path = ArchiveRateMonthDetailViewModel.swift; sourceTree = "<group>"; };
		663D06382BEABF7C00B33719 /* ArchiveRateDayDetailView.swift */ = {isa = PBXFileReference; lastKnownFileType = sourcecode.swift; path = ArchiveRateDayDetailView.swift; sourceTree = "<group>"; };
		663D063A2BEAC31000B33719 /* ArchiveRateDayDetailViewModel.swift */ = {isa = PBXFileReference; lastKnownFileType = sourcecode.swift; path = ArchiveRateDayDetailViewModel.swift; sourceTree = "<group>"; };
		663D063C2BEACDB700B33719 /* Info.plist */ = {isa = PBXFileReference; lastKnownFileType = text.plist; path = Info.plist; sourceTree = "<group>"; };
/* End PBXFileReference section */

/* Begin PBXFrameworksBuildPhase section */
		663D05DC2BE7E61500B33719 /* Frameworks */ = {
			isa = PBXFrameworksBuildPhase;
			buildActionMask = 2147483647;
			files = (
				663D062F2BE9749600B33719 /* FlagsKit in Frameworks */,
			);
			runOnlyForDeploymentPostprocessing = 0;
		};
		663D05EC2BE7E62100B33719 /* Frameworks */ = {
			isa = PBXFrameworksBuildPhase;
			buildActionMask = 2147483647;
			files = (
			);
			runOnlyForDeploymentPostprocessing = 0;
		};
/* End PBXFrameworksBuildPhase section */

/* Begin PBXGroup section */
		663D05D62BE7E61500B33719 = {
			isa = PBXGroup;
			children = (
				663D05E12BE7E61500B33719 /* nbp-average-rate */,
				663D05F22BE7E62100B33719 /* nbp-average-rateTests */,
				663D05E02BE7E61500B33719 /* Products */,
				663D062D2BE9749600B33719 /* Frameworks */,
			);
			sourceTree = "<group>";
		};
		663D05E02BE7E61500B33719 /* Products */ = {
			isa = PBXGroup;
			children = (
				663D05DF2BE7E61500B33719 /* nbp-average-rate.app */,
				663D05EF2BE7E62100B33719 /* nbp-average-rateTests.xctest */,
			);
			name = Products;
			sourceTree = "<group>";
		};
		663D05E12BE7E61500B33719 /* nbp-average-rate */ = {
			isa = PBXGroup;
			children = (
				663D063C2BEACDB700B33719 /* Info.plist */,
				663D060C2BE7E6B100B33719 /* App */,
				663D060D2BE7E6C100B33719 /* Core */,
				663D05E42BE7E61500B33719 /* MainView.swift */,
				663D05E62BE7E62100B33719 /* Assets.xcassets */,
				663D05E82BE7E62100B33719 /* Preview Content */,
			);
			path = "nbp-average-rate";
			sourceTree = "<group>";
		};
		663D05E82BE7E62100B33719 /* Preview Content */ = {
			isa = PBXGroup;
			children = (
				663D05E92BE7E62100B33719 /* Preview Assets.xcassets */,
			);
			path = "Preview Content";
			sourceTree = "<group>";
		};
		663D05F22BE7E62100B33719 /* nbp-average-rateTests */ = {
			isa = PBXGroup;
			children = (
				663D05F32BE7E62100B33719 /* nbp_average_rateTests.swift */,
			);
			path = "nbp-average-rateTests";
			sourceTree = "<group>";
		};
		663D060C2BE7E6B100B33719 /* App */ = {
			isa = PBXGroup;
			children = (
				663D05E22BE7E61500B33719 /* AppView.swift */,
				663D06262BE9419800B33719 /* Coordinator.swift */,
				663D06282BE9433C00B33719 /* NavigationRoot.swift */,
			);
			path = App;
			sourceTree = "<group>";
		};
		663D060D2BE7E6C100B33719 /* Core */ = {
			isa = PBXGroup;
			children = (
				663D060E2BE7E6EA00B33719 /* CurrentRate */,
				663D06112BE7E88900B33719 /* ArchiveRate */,
				663D06182BE7FD9D00B33719 /* AverageRateDataService.swift */,
				663D06142BE7FAFB00B33719 /* Rate.swift */,
				663D061A2BE7FEEF00B33719 /* Constants.swift */,
				663D061F2BE93AE500B33719 /* CalendarManager.swift */,
				663D062A2BE971C700B33719 /* DetailListView.swift */,
			);
			path = Core;
			sourceTree = "<group>";
		};
		663D060E2BE7E6EA00B33719 /* CurrentRate */ = {
			isa = PBXGroup;
			children = (
				663D060F2BE7E6FF00B33719 /* CurrentRateView.swift */,
				663D06162BE7FCEC00B33719 /* CurrentRateViewModel.swift */,
			);
			path = CurrentRate;
			sourceTree = "<group>";
		};
		663D06112BE7E88900B33719 /* ArchiveRate */ = {
			isa = PBXGroup;
			children = (
				663D06122BE7E8A200B33719 /* ArchiveRateView.swift */,
				663D061D2BE90E0800B33719 /* ArchiveRateViewModel.swift */,
				663D06252BE940A900B33719 /* ArchiveRateYearDetail */,
				663D06322BEA804C00B33719 /* ArchiveRateMonthDetail */,
				663D06372BEABF5800B33719 /* ArchiveRateDayDetail */,
			);
			path = ArchiveRate;
			sourceTree = "<group>";
		};
		663D06252BE940A900B33719 /* ArchiveRateYearDetail */ = {
			isa = PBXGroup;
			children = (
				663D06212BE93F3400B33719 /* ArchiveRateYearDetailView.swift */,
				663D06232BE93FA600B33719 /* ArchiveRateYearDetailViewModel.swift */,
			);
			path = ArchiveRateYearDetail;
			sourceTree = "<group>";
		};
		663D062D2BE9749600B33719 /* Frameworks */ = {
			isa = PBXGroup;
			children = (
			);
			name = Frameworks;
			sourceTree = "<group>";
		};
		663D06322BEA804C00B33719 /* ArchiveRateMonthDetail */ = {
			isa = PBXGroup;
			children = (
				663D06332BEA806A00B33719 /* ArchiveRateMonthDetailView.swift */,
				663D06352BEA80C900B33719 /* ArchiveRateMonthDetailViewModel.swift */,
			);
			path = ArchiveRateMonthDetail;
			sourceTree = "<group>";
		};
		663D06372BEABF5800B33719 /* ArchiveRateDayDetail */ = {
			isa = PBXGroup;
			children = (
				663D06382BEABF7C00B33719 /* ArchiveRateDayDetailView.swift */,
				663D063A2BEAC31000B33719 /* ArchiveRateDayDetailViewModel.swift */,
			);
			path = ArchiveRateDayDetail;
			sourceTree = "<group>";
		};
/* End PBXGroup section */

/* Begin PBXNativeTarget section */
		663D05DE2BE7E61500B33719 /* nbp-average-rate */ = {
			isa = PBXNativeTarget;
			buildConfigurationList = 663D06032BE7E62100B33719 /* Build configuration list for PBXNativeTarget "nbp-average-rate" */;
			buildPhases = (
				663D05DB2BE7E61500B33719 /* Sources */,
				663D05DC2BE7E61500B33719 /* Frameworks */,
				663D05DD2BE7E61500B33719 /* Resources */,
			);
			buildRules = (
			);
			dependencies = (
			);
			name = "nbp-average-rate";
			packageProductDependencies = (
				663D062E2BE9749600B33719 /* FlagsKit */,
			);
			productName = "nbp-average-rate";
			productReference = 663D05DF2BE7E61500B33719 /* nbp-average-rate.app */;
			productType = "com.apple.product-type.application";
		};
		663D05EE2BE7E62100B33719 /* nbp-average-rateTests */ = {
			isa = PBXNativeTarget;
			buildConfigurationList = 663D06062BE7E62100B33719 /* Build configuration list for PBXNativeTarget "nbp-average-rateTests" */;
			buildPhases = (
				663D05EB2BE7E62100B33719 /* Sources */,
				663D05EC2BE7E62100B33719 /* Frameworks */,
				663D05ED2BE7E62100B33719 /* Resources */,
			);
			buildRules = (
			);
			dependencies = (
				663D05F12BE7E62100B33719 /* PBXTargetDependency */,
			);
			name = "nbp-average-rateTests";
			productName = "nbp-average-rateTests";
			productReference = 663D05EF2BE7E62100B33719 /* nbp-average-rateTests.xctest */;
			productType = "com.apple.product-type.bundle.unit-test";
		};
/* End PBXNativeTarget section */

/* Begin PBXProject section */
		663D05D72BE7E61500B33719 /* Project object */ = {
			isa = PBXProject;
			attributes = {
				BuildIndependentTargetsInParallel = 1;
				LastSwiftUpdateCheck = 1530;
				LastUpgradeCheck = 1530;
				TargetAttributes = {
					663D05DE2BE7E61500B33719 = {
						CreatedOnToolsVersion = 15.3;
					};
					663D05EE2BE7E62100B33719 = {
						CreatedOnToolsVersion = 15.3;
						TestTargetID = 663D05DE2BE7E61500B33719;
					};
				};
			};
			buildConfigurationList = 663D05DA2BE7E61500B33719 /* Build configuration list for PBXProject "nbp-average-rate" */;
			compatibilityVersion = "Xcode 14.0";
			developmentRegion = en;
			hasScannedForEncodings = 0;
			knownRegions = (
				en,
				Base,
			);
			mainGroup = 663D05D62BE7E61500B33719;
			packageReferences = (
				663D062C2BE973DA00B33719 /* XCRemoteSwiftPackageReference "FlagsKit" */,
			);
			productRefGroup = 663D05E02BE7E61500B33719 /* Products */;
			projectDirPath = "";
			projectRoot = "";
			targets = (
				663D05DE2BE7E61500B33719 /* nbp-average-rate */,
				663D05EE2BE7E62100B33719 /* nbp-average-rateTests */,
			);
		};
/* End PBXProject section */

/* Begin PBXResourcesBuildPhase section */
		663D05DD2BE7E61500B33719 /* Resources */ = {
			isa = PBXResourcesBuildPhase;
			buildActionMask = 2147483647;
			files = (
				663D05EA2BE7E62100B33719 /* Preview Assets.xcassets in Resources */,
				663D05E72BE7E62100B33719 /* Assets.xcassets in Resources */,
			);
			runOnlyForDeploymentPostprocessing = 0;
		};
		663D05ED2BE7E62100B33719 /* Resources */ = {
			isa = PBXResourcesBuildPhase;
			buildActionMask = 2147483647;
			files = (
			);
			runOnlyForDeploymentPostprocessing = 0;
		};
/* End PBXResourcesBuildPhase section */

/* Begin PBXSourcesBuildPhase section */
		663D05DB2BE7E61500B33719 /* Sources */ = {
			isa = PBXSourcesBuildPhase;
			buildActionMask = 2147483647;
			files = (
				663D062B2BE971C700B33719 /* DetailListView.swift in Sources */,
				663D06172BE7FCED00B33719 /* CurrentRateViewModel.swift in Sources */,
				663D06392BEABF7C00B33719 /* ArchiveRateDayDetailView.swift in Sources */,
				663D06292BE9433C00B33719 /* NavigationRoot.swift in Sources */,
				663D05E52BE7E61500B33719 /* MainView.swift in Sources */,
				663D06272BE9419800B33719 /* Coordinator.swift in Sources */,
				663D063B2BEAC31000B33719 /* ArchiveRateDayDetailViewModel.swift in Sources */,
				663D06152BE7FAFB00B33719 /* Rate.swift in Sources */,
				663D06132BE7E8A200B33719 /* ArchiveRateView.swift in Sources */,
				663D06362BEA80C900B33719 /* ArchiveRateMonthDetailViewModel.swift in Sources */,
				663D061E2BE90E0800B33719 /* ArchiveRateViewModel.swift in Sources */,
				663D06242BE93FA600B33719 /* ArchiveRateYearDetailViewModel.swift in Sources */,
				663D06192BE7FD9D00B33719 /* AverageRateDataService.swift in Sources */,
				663D06102BE7E6FF00B33719 /* CurrentRateView.swift in Sources */,
				663D05E32BE7E61500B33719 /* AppView.swift in Sources */,
				663D06222BE93F3400B33719 /* ArchiveRateYearDetailView.swift in Sources */,
				663D061B2BE7FEEF00B33719 /* Constants.swift in Sources */,
				663D06342BEA806A00B33719 /* ArchiveRateMonthDetailView.swift in Sources */,
				663D06202BE93AE500B33719 /* CalendarManager.swift in Sources */,
			);
			runOnlyForDeploymentPostprocessing = 0;
		};
		663D05EB2BE7E62100B33719 /* Sources */ = {
			isa = PBXSourcesBuildPhase;
			buildActionMask = 2147483647;
			files = (
				663D05F42BE7E62100B33719 /* nbp_average_rateTests.swift in Sources */,
			);
			runOnlyForDeploymentPostprocessing = 0;
		};
/* End PBXSourcesBuildPhase section */

/* Begin PBXTargetDependency section */
		663D05F12BE7E62100B33719 /* PBXTargetDependency */ = {
			isa = PBXTargetDependency;
			target = 663D05DE2BE7E61500B33719 /* nbp-average-rate */;
			targetProxy = 663D05F02BE7E62100B33719 /* PBXContainerItemProxy */;
		};
/* End PBXTargetDependency section */

/* Begin XCBuildConfiguration section */
		663D06012BE7E62100B33719 /* Debug */ = {
			isa = XCBuildConfiguration;
			buildSettings = {
				ALWAYS_SEARCH_USER_PATHS = NO;
				ASSETCATALOG_COMPILER_GENERATE_SWIFT_ASSET_SYMBOL_EXTENSIONS = YES;
				CLANG_ANALYZER_NONNULL = YES;
				CLANG_ANALYZER_NUMBER_OBJECT_CONVERSION = YES_AGGRESSIVE;
				CLANG_CXX_LANGUAGE_STANDARD = "gnu++20";
				CLANG_ENABLE_MODULES = YES;
				CLANG_ENABLE_OBJC_ARC = YES;
				CLANG_ENABLE_OBJC_WEAK = YES;
				CLANG_WARN_BLOCK_CAPTURE_AUTORELEASING = YES;
				CLANG_WARN_BOOL_CONVERSION = YES;
				CLANG_WARN_COMMA = YES;
				CLANG_WARN_CONSTANT_CONVERSION = YES;
				CLANG_WARN_DEPRECATED_OBJC_IMPLEMENTATIONS = YES;
				CLANG_WARN_DIRECT_OBJC_ISA_USAGE = YES_ERROR;
				CLANG_WARN_DOCUMENTATION_COMMENTS = YES;
				CLANG_WARN_EMPTY_BODY = YES;
				CLANG_WARN_ENUM_CONVERSION = YES;
				CLANG_WARN_INFINITE_RECURSION = YES;
				CLANG_WARN_INT_CONVERSION = YES;
				CLANG_WARN_NON_LITERAL_NULL_CONVERSION = YES;
				CLANG_WARN_OBJC_IMPLICIT_RETAIN_SELF = YES;
				CLANG_WARN_OBJC_LITERAL_CONVERSION = YES;
				CLANG_WARN_OBJC_ROOT_CLASS = YES_ERROR;
				CLANG_WARN_QUOTED_INCLUDE_IN_FRAMEWORK_HEADER = YES;
				CLANG_WARN_RANGE_LOOP_ANALYSIS = YES;
				CLANG_WARN_STRICT_PROTOTYPES = YES;
				CLANG_WARN_SUSPICIOUS_MOVE = YES;
				CLANG_WARN_UNGUARDED_AVAILABILITY = YES_AGGRESSIVE;
				CLANG_WARN_UNREACHABLE_CODE = YES;
				CLANG_WARN__DUPLICATE_METHOD_MATCH = YES;
				COPY_PHASE_STRIP = NO;
				DEBUG_INFORMATION_FORMAT = dwarf;
				ENABLE_STRICT_OBJC_MSGSEND = YES;
				ENABLE_TESTABILITY = YES;
				ENABLE_USER_SCRIPT_SANDBOXING = YES;
				GCC_C_LANGUAGE_STANDARD = gnu17;
				GCC_DYNAMIC_NO_PIC = NO;
				GCC_NO_COMMON_BLOCKS = YES;
				GCC_OPTIMIZATION_LEVEL = 0;
				GCC_PREPROCESSOR_DEFINITIONS = (
					"DEBUG=1",
					"$(inherited)",
				);
				GCC_WARN_64_TO_32_BIT_CONVERSION = YES;
				GCC_WARN_ABOUT_RETURN_TYPE = YES_ERROR;
				GCC_WARN_UNDECLARED_SELECTOR = YES;
				GCC_WARN_UNINITIALIZED_AUTOS = YES_AGGRESSIVE;
				GCC_WARN_UNUSED_FUNCTION = YES;
				GCC_WARN_UNUSED_VARIABLE = YES;
				IPHONEOS_DEPLOYMENT_TARGET = 17.4;
				LOCALIZATION_PREFERS_STRING_CATALOGS = YES;
				MTL_ENABLE_DEBUG_INFO = INCLUDE_SOURCE;
				MTL_FAST_MATH = YES;
				ONLY_ACTIVE_ARCH = YES;
				SDKROOT = iphoneos;
				SWIFT_ACTIVE_COMPILATION_CONDITIONS = "DEBUG $(inherited)";
				SWIFT_OPTIMIZATION_LEVEL = "-Onone";
			};
			name = Debug;
		};
		663D06022BE7E62100B33719 /* Release */ = {
			isa = XCBuildConfiguration;
			buildSettings = {
				ALWAYS_SEARCH_USER_PATHS = NO;
				ASSETCATALOG_COMPILER_GENERATE_SWIFT_ASSET_SYMBOL_EXTENSIONS = YES;
				CLANG_ANALYZER_NONNULL = YES;
				CLANG_ANALYZER_NUMBER_OBJECT_CONVERSION = YES_AGGRESSIVE;
				CLANG_CXX_LANGUAGE_STANDARD = "gnu++20";
				CLANG_ENABLE_MODULES = YES;
				CLANG_ENABLE_OBJC_ARC = YES;
				CLANG_ENABLE_OBJC_WEAK = YES;
				CLANG_WARN_BLOCK_CAPTURE_AUTORELEASING = YES;
				CLANG_WARN_BOOL_CONVERSION = YES;
				CLANG_WARN_COMMA = YES;
				CLANG_WARN_CONSTANT_CONVERSION = YES;
				CLANG_WARN_DEPRECATED_OBJC_IMPLEMENTATIONS = YES;
				CLANG_WARN_DIRECT_OBJC_ISA_USAGE = YES_ERROR;
				CLANG_WARN_DOCUMENTATION_COMMENTS = YES;
				CLANG_WARN_EMPTY_BODY = YES;
				CLANG_WARN_ENUM_CONVERSION = YES;
				CLANG_WARN_INFINITE_RECURSION = YES;
				CLANG_WARN_INT_CONVERSION = YES;
				CLANG_WARN_NON_LITERAL_NULL_CONVERSION = YES;
				CLANG_WARN_OBJC_IMPLICIT_RETAIN_SELF = YES;
				CLANG_WARN_OBJC_LITERAL_CONVERSION = YES;
				CLANG_WARN_OBJC_ROOT_CLASS = YES_ERROR;
				CLANG_WARN_QUOTED_INCLUDE_IN_FRAMEWORK_HEADER = YES;
				CLANG_WARN_RANGE_LOOP_ANALYSIS = YES;
				CLANG_WARN_STRICT_PROTOTYPES = YES;
				CLANG_WARN_SUSPICIOUS_MOVE = YES;
				CLANG_WARN_UNGUARDED_AVAILABILITY = YES_AGGRESSIVE;
				CLANG_WARN_UNREACHABLE_CODE = YES;
				CLANG_WARN__DUPLICATE_METHOD_MATCH = YES;
				COPY_PHASE_STRIP = NO;
				DEBUG_INFORMATION_FORMAT = "dwarf-with-dsym";
				ENABLE_NS_ASSERTIONS = NO;
				ENABLE_STRICT_OBJC_MSGSEND = YES;
				ENABLE_USER_SCRIPT_SANDBOXING = YES;
				GCC_C_LANGUAGE_STANDARD = gnu17;
				GCC_NO_COMMON_BLOCKS = YES;
				GCC_WARN_64_TO_32_BIT_CONVERSION = YES;
				GCC_WARN_ABOUT_RETURN_TYPE = YES_ERROR;
				GCC_WARN_UNDECLARED_SELECTOR = YES;
				GCC_WARN_UNINITIALIZED_AUTOS = YES_AGGRESSIVE;
				GCC_WARN_UNUSED_FUNCTION = YES;
				GCC_WARN_UNUSED_VARIABLE = YES;
				IPHONEOS_DEPLOYMENT_TARGET = 17.4;
				LOCALIZATION_PREFERS_STRING_CATALOGS = YES;
				MTL_ENABLE_DEBUG_INFO = NO;
				MTL_FAST_MATH = YES;
				SDKROOT = iphoneos;
				SWIFT_COMPILATION_MODE = wholemodule;
				VALIDATE_PRODUCT = YES;
			};
			name = Release;
		};
		663D06042BE7E62100B33719 /* Debug */ = {
			isa = XCBuildConfiguration;
			buildSettings = {
				ASSETCATALOG_COMPILER_APPICON_NAME = AppIcon;
				ASSETCATALOG_COMPILER_GLOBAL_ACCENT_COLOR_NAME = AccentColor;
				CODE_SIGN_STYLE = Automatic;
				CURRENT_PROJECT_VERSION = 1;
				DEVELOPMENT_ASSET_PATHS = "\"nbp-average-rate/Preview Content\"";
				DEVELOPMENT_TEAM = P9255R54EV;
				ENABLE_PREVIEWS = YES;
				GENERATE_INFOPLIST_FILE = YES;
				INFOPLIST_FILE = "nbp-average-rate/Info.plist";
				INFOPLIST_KEY_CFBundleDisplayName = "Średni Kurs NBP";
				INFOPLIST_KEY_LSApplicationCategoryType = "public.app-category.business";
				INFOPLIST_KEY_UIApplicationSupportsIndirectInputEvents = YES;
				INFOPLIST_KEY_UILaunchScreen_Generation = YES;
				INFOPLIST_KEY_UISupportedInterfaceOrientations = UIInterfaceOrientationPortrait;
				INFOPLIST_KEY_UISupportedInterfaceOrientations_iPad = "UIInterfaceOrientationPortrait UIInterfaceOrientationPortraitUpsideDown";
				LD_RUNPATH_SEARCH_PATHS = (
					"$(inherited)",
					"@executable_path/Frameworks",
				);
				MARKETING_VERSION = 1.0;
				PRODUCT_BUNDLE_IDENTIFIER = "com.pxlborn.nbp-average-rate-ios";
				PRODUCT_NAME = "$(TARGET_NAME)";
				SWIFT_EMIT_LOC_STRINGS = YES;
				SWIFT_VERSION = 5.0;
				TARGETED_DEVICE_FAMILY = "1,2";
			};
			name = Debug;
		};
		663D06052BE7E62100B33719 /* Release */ = {
			isa = XCBuildConfiguration;
			buildSettings = {
				ASSETCATALOG_COMPILER_APPICON_NAME = AppIcon;
				ASSETCATALOG_COMPILER_GLOBAL_ACCENT_COLOR_NAME = AccentColor;
				CODE_SIGN_STYLE = Automatic;
				CURRENT_PROJECT_VERSION = 1;
				DEVELOPMENT_ASSET_PATHS = "\"nbp-average-rate/Preview Content\"";
				DEVELOPMENT_TEAM = P9255R54EV;
				ENABLE_PREVIEWS = YES;
				GENERATE_INFOPLIST_FILE = YES;
				INFOPLIST_FILE = "nbp-average-rate/Info.plist";
				INFOPLIST_KEY_CFBundleDisplayName = "Średni Kurs NBP";
				INFOPLIST_KEY_LSApplicationCategoryType = "public.app-category.business";
				INFOPLIST_KEY_UIApplicationSupportsIndirectInputEvents = YES;
				INFOPLIST_KEY_UILaunchScreen_Generation = YES;
				INFOPLIST_KEY_UISupportedInterfaceOrientations = UIInterfaceOrientationPortrait;
				INFOPLIST_KEY_UISupportedInterfaceOrientations_iPad = "UIInterfaceOrientationPortrait UIInterfaceOrientationPortraitUpsideDown";
				LD_RUNPATH_SEARCH_PATHS = (
					"$(inherited)",
					"@executable_path/Frameworks",
				);
				MARKETING_VERSION = 1.0;
				PRODUCT_BUNDLE_IDENTIFIER = "com.pxlborn.nbp-average-rate-ios";
				PRODUCT_NAME = "$(TARGET_NAME)";
				SWIFT_EMIT_LOC_STRINGS = YES;
				SWIFT_VERSION = 5.0;
				TARGETED_DEVICE_FAMILY = "1,2";
			};
			name = Release;
		};
		663D06072BE7E62100B33719 /* Debug */ = {
			isa = XCBuildConfiguration;
			buildSettings = {
				ALWAYS_EMBED_SWIFT_STANDARD_LIBRARIES = YES;
				BUNDLE_LOADER = "$(TEST_HOST)";
				CODE_SIGN_STYLE = Automatic;
				CURRENT_PROJECT_VERSION = 1;
				DEVELOPMENT_TEAM = P9255R54EV;
				GENERATE_INFOPLIST_FILE = YES;
				IPHONEOS_DEPLOYMENT_TARGET = 17.4;
				MARKETING_VERSION = 1.0;
				PRODUCT_BUNDLE_IDENTIFIER = "com.pxlborn.nbp-average-rateTests";
				PRODUCT_NAME = "$(TARGET_NAME)";
				SWIFT_EMIT_LOC_STRINGS = NO;
				SWIFT_VERSION = 5.0;
				TARGETED_DEVICE_FAMILY = "1,2";
				TEST_HOST = "$(BUILT_PRODUCTS_DIR)/nbp-average-rate.app/$(BUNDLE_EXECUTABLE_FOLDER_PATH)/nbp-average-rate";
			};
			name = Debug;
		};
		663D06082BE7E62100B33719 /* Release */ = {
			isa = XCBuildConfiguration;
			buildSettings = {
				ALWAYS_EMBED_SWIFT_STANDARD_LIBRARIES = YES;
				BUNDLE_LOADER = "$(TEST_HOST)";
				CODE_SIGN_STYLE = Automatic;
				CURRENT_PROJECT_VERSION = 1;
				DEVELOPMENT_TEAM = P9255R54EV;
				GENERATE_INFOPLIST_FILE = YES;
				IPHONEOS_DEPLOYMENT_TARGET = 17.4;
				MARKETING_VERSION = 1.0;
				PRODUCT_BUNDLE_IDENTIFIER = "com.pxlborn.nbp-average-rateTests";
				PRODUCT_NAME = "$(TARGET_NAME)";
				SWIFT_EMIT_LOC_STRINGS = NO;
				SWIFT_VERSION = 5.0;
				TARGETED_DEVICE_FAMILY = "1,2";
				TEST_HOST = "$(BUILT_PRODUCTS_DIR)/nbp-average-rate.app/$(BUNDLE_EXECUTABLE_FOLDER_PATH)/nbp-average-rate";
			};
			name = Release;
		};
/* End XCBuildConfiguration section */

/* Begin XCConfigurationList section */
		663D05DA2BE7E61500B33719 /* Build configuration list for PBXProject "nbp-average-rate" */ = {
			isa = XCConfigurationList;
			buildConfigurations = (
				663D06012BE7E62100B33719 /* Debug */,
				663D06022BE7E62100B33719 /* Release */,
			);
			defaultConfigurationIsVisible = 0;
			defaultConfigurationName = Release;
		};
		663D06032BE7E62100B33719 /* Build configuration list for PBXNativeTarget "nbp-average-rate" */ = {
			isa = XCConfigurationList;
			buildConfigurations = (
				663D06042BE7E62100B33719 /* Debug */,
				663D06052BE7E62100B33719 /* Release */,
			);
			defaultConfigurationIsVisible = 0;
			defaultConfigurationName = Release;
		};
		663D06062BE7E62100B33719 /* Build configuration list for PBXNativeTarget "nbp-average-rateTests" */ = {
			isa = XCConfigurationList;
			buildConfigurations = (
				663D06072BE7E62100B33719 /* Debug */,
				663D06082BE7E62100B33719 /* Release */,
			);
			defaultConfigurationIsVisible = 0;
			defaultConfigurationName = Release;
		};
/* End XCConfigurationList section */

/* Begin XCRemoteSwiftPackageReference section */
		663D062C2BE973DA00B33719 /* XCRemoteSwiftPackageReference "FlagsKit" */ = {
			isa = XCRemoteSwiftPackageReference;
			repositoryURL = "https://github.com/pichukov/FlagsKit.git";
			requirement = {
				kind = upToNextMajorVersion;
				minimumVersion = 1.0.0;
			};
		};
/* End XCRemoteSwiftPackageReference section */

/* Begin XCSwiftPackageProductDependency section */
		663D062E2BE9749600B33719 /* FlagsKit */ = {
			isa = XCSwiftPackageProductDependency;
			package = 663D062C2BE973DA00B33719 /* XCRemoteSwiftPackageReference "FlagsKit" */;
			productName = FlagsKit;
		};
/* End XCSwiftPackageProductDependency section */
	};
	rootObject = 663D05D72BE7E61500B33719 /* Project object */;
}
